{
  "name": "wire",
  "version": "0.2.0",
  "lockfileVersion": 1,
  "requires": true,
  "dependencies": {
    "@spectrum-css/button": {
      "version": "3.0.0-beta.2",
      "resolved": "https://registry.npmjs.org/@spectrum-css/button/-/button-3.0.0-beta.2.tgz",
      "integrity": "sha512-H4ABIojONtpevGBF2RByLNNRSreqFIx7NJnFnRrI3frcTrijfIYI8QBaS3tgLw9xD1rhdiAyuTS+y8NVyaTB8A=="
    },
    "@spectrum-css/icon": {
      "version": "2.1.1",
      "resolved": "https://registry.npmjs.org/@spectrum-css/icon/-/icon-2.1.1.tgz",
      "integrity": "sha512-Ddnjw3YTZiuJC8uVJ9x6i+ufQN+Vp4vibc+YxE7nXn8tWzT8zTRzwv6oHwSG9m+KzonTfnwqPuQx6ZA8vbK9xA=="
    },
    "@spectrum-css/page": {
      "version": "2.0.7",
      "resolved": "https://registry.npmjs.org/@spectrum-css/page/-/page-2.0.7.tgz",
      "integrity": "sha512-0e8gne8/3yuEjkbbT7F+K/E15Z2BbL/q/r+Z2KM9Kew6uLnTJawFzUPR67zcSVZw8LicWVMxVu9o5KbhEhXMcw==",
      "requires": {
        "@spectrum-css/vars": "^2.3.0"
      }
    },
    "@spectrum-css/typography": {
      "version": "2.1.3",
      "resolved": "https://registry.npmjs.org/@spectrum-css/typography/-/typography-2.1.3.tgz",
      "integrity": "sha512-73lu0Le1zt+etNTS+kJsn+0TJzpy8aiTT6TCkVuJyUY9yxLcKXdV7mYRaz4U7jEYn39MKpndGFXkA7Qq0u16dw=="
    },
    "@spectrum-css/vars": {
      "version": "2.3.0",
      "resolved": "https://registry.npmjs.org/@spectrum-css/vars/-/vars-2.3.0.tgz",
      "integrity": "sha512-k4YwFbv9+7QzBrc3ezvGuHxI3nDTG/6qJsAmhYS1vEyxpxjKmRfiz59P+fqT12PQNjxeNYHyVz1kRgaLA6gw2w=="
    },
    "todomvc-app-css": {
      "version": "2.3.0",
      "resolved": "https://registry.npmjs.org/todomvc-app-css/-/todomvc-app-css-2.3.0.tgz",
      "integrity": "sha512-RG8hxqoVn8Be3wxyuyHfOSAXiY1Z0N+PYQOe/jxzy3wpU1Obfwd1RF1i/fz/fR+MrYL+Q+BdrUt8SsXdtR7Oow=="
    }
  }
}
